// !$*UTF8*$!
{
	archiveVersion = 1;
	classes = {
	};
	objectVersion = 56;
	objects = {

/* Begin PBXBuildFile section */
		09B399172AF0828A00DA719C /* RespView.swift in Sources */ = {isa = PBXBuildFile; fileRef = 09B399162AF0828A00DA719C /* RespView.swift */; };
		09B3991B2AF1338400DA719C /* OnBoarding.swift in Sources */ = {isa = PBXBuildFile; fileRef = 09B3991A2AF1338400DA719C /* OnBoarding.swift */; };
		09CB8A522AFD2F1300BE9132 /* MLmodel.mlmodel in Sources */ = {isa = PBXBuildFile; fileRef = 09CB8A502AFD2F1300BE9132 /* MLmodel.mlmodel */; };
		09CB8A532AFD2F1300BE9132 /* SentimentAnalyzer .mlmodel in Sources */ = {isa = PBXBuildFile; fileRef = 09CB8A512AFD2F1300BE9132 /* SentimentAnalyzer .mlmodel */; };
		4D16793F2AE910FE00D20E69 /* ChatView.swift in Sources */ = {isa = PBXBuildFile; fileRef = 4D16793E2AE910FE00D20E69 /* ChatView.swift */; };
		4D1679412AE9156800D20E69 /* GRespView.swift in Sources */ = {isa = PBXBuildFile; fileRef = 4D1679402AE9156800D20E69 /* GRespView.swift */; };
		4D1679452AE917E900D20E69 /* PottyOutputView.swift in Sources */ = {isa = PBXBuildFile; fileRef = 4D1679442AE917E900D20E69 /* PottyOutputView.swift */; };
		4D1679472AE9185A00D20E69 /* ScenePresentedViewModel.swift in Sources */ = {isa = PBXBuildFile; fileRef = 4D1679462AE9185A00D20E69 /* ScenePresentedViewModel.swift */; };
		4D1679492AE9238800D20E69 /* UserInput.swift in Sources */ = {isa = PBXBuildFile; fileRef = 4D1679482AE9238800D20E69 /* UserInput.swift */; };
		4D3962532AE7F2940024F9D8 /* IdleView.swift in Sources */ = {isa = PBXBuildFile; fileRef = 4D3962522AE7F2940024F9D8 /* IdleView.swift */; };
		4D3962572AE7F8930024F9D8 /* MainView.swift in Sources */ = {isa = PBXBuildFile; fileRef = 4D3962562AE7F8930024F9D8 /* MainView.swift */; };
		4D3962592AE83FC40024F9D8 /* PottyIdleTextView.swift in Sources */ = {isa = PBXBuildFile; fileRef = 4D3962582AE83FC40024F9D8 /* PottyIdleTextView.swift */; };
		4D4E02C42AF0422100A0BADE /* ViewModel.swift in Sources */ = {isa = PBXBuildFile; fileRef = 4D4E02C32AF0422100A0BADE /* ViewModel.swift */; };
		4D4E02C62AF0431000A0BADE /* CloudView.swift in Sources */ = {isa = PBXBuildFile; fileRef = 4D4E02C52AF0431000A0BADE /* CloudView.swift */; };
		4D4E02C82AF0686F00A0BADE /* LandingPageView.swift in Sources */ = {isa = PBXBuildFile; fileRef = 4D4E02C72AF0686F00A0BADE /* LandingPageView.swift */; };
		4D4E02CA2AF068B800A0BADE /* Landing.swift in Sources */ = {isa = PBXBuildFile; fileRef = 4D4E02C92AF068B800A0BADE /* Landing.swift */; };
		4D9EAD6E2AE1B22100F4AC44 /* SleeppotApp.swift in Sources */ = {isa = PBXBuildFile; fileRef = 4D9EAD6D2AE1B22100F4AC44 /* SleeppotApp.swift */; };
		4D9EAD722AE1B22200F4AC44 /* Assets.xcassets in Resources */ = {isa = PBXBuildFile; fileRef = 4D9EAD712AE1B22200F4AC44 /* Assets.xcassets */; };
		4D9EAD752AE1B22200F4AC44 /* Preview Assets.xcassets in Resources */ = {isa = PBXBuildFile; fileRef = 4D9EAD742AE1B22200F4AC44 /* Preview Assets.xcassets */; };
/* End PBXBuildFile section */

/* Begin PBXFileReference section */
		09B399162AF0828A00DA719C /* RespView.swift */ = {isa = PBXFileReference; lastKnownFileType = sourcecode.swift; path = RespView.swift; sourceTree = "<group>"; };
		09B3991A2AF1338400DA719C /* OnBoarding.swift */ = {isa = PBXFileReference; lastKnownFileType = sourcecode.swift; path = OnBoarding.swift; sourceTree = "<group>"; };
		09CB8A502AFD2F1300BE9132 /* MLmodel.mlmodel */ = {isa = PBXFileReference; lastKnownFileType = file.mlmodel; name = MLmodel.mlmodel; path = Sleeppot/MLmodel.mlmodel; sourceTree = SOURCE_ROOT; };
		09CB8A512AFD2F1300BE9132 /* SentimentAnalyzer .mlmodel */ = {isa = PBXFileReference; lastKnownFileType = file.mlmodel; name = "SentimentAnalyzer .mlmodel"; path = "Sleeppot/SentimentAnalyzer .mlmodel"; sourceTree = SOURCE_ROOT; };
		4D16793E2AE910FE00D20E69 /* ChatView.swift */ = {isa = PBXFileReference; lastKnownFileType = sourcecode.swift; path = ChatView.swift; sourceTree = "<group>"; };
		4D1679402AE9156800D20E69 /* GRespView.swift */ = {isa = PBXFileReference; lastKnownFileType = sourcecode.swift; path = GRespView.swift; sourceTree = "<group>"; };
		4D1679442AE917E900D20E69 /* PottyOutputView.swift */ = {isa = PBXFileReference; lastKnownFileType = sourcecode.swift; path = PottyOutputView.swift; sourceTree = "<group>"; };
		4D1679462AE9185A00D20E69 /* ScenePresentedViewModel.swift */ = {isa = PBXFileReference; lastKnownFileType = sourcecode.swift; path = ScenePresentedViewModel.swift; sourceTree = "<group>"; };
		4D1679482AE9238800D20E69 /* UserInput.swift */ = {isa = PBXFileReference; lastKnownFileType = sourcecode.swift; path = UserInput.swift; sourceTree = "<group>"; };
		4D3962522AE7F2940024F9D8 /* IdleView.swift */ = {isa = PBXFileReference; lastKnownFileType = sourcecode.swift; path = IdleView.swift; sourceTree = "<group>"; };
		4D3962562AE7F8930024F9D8 /* MainView.swift */ = {isa = PBXFileReference; lastKnownFileType = sourcecode.swift; path = MainView.swift; sourceTree = "<group>"; };
		4D3962582AE83FC40024F9D8 /* PottyIdleTextView.swift */ = {isa = PBXFileReference; lastKnownFileType = sourcecode.swift; path = PottyIdleTextView.swift; sourceTree = "<group>"; };
		4D4E02C32AF0422100A0BADE /* ViewModel.swift */ = {isa = PBXFileReference; lastKnownFileType = sourcecode.swift; path = ViewModel.swift; sourceTree = "<group>"; };
		4D4E02C52AF0431000A0BADE /* CloudView.swift */ = {isa = PBXFileReference; lastKnownFileType = sourcecode.swift; path = CloudView.swift; sourceTree = "<group>"; };
		4D4E02C72AF0686F00A0BADE /* LandingPageView.swift */ = {isa = PBXFileReference; lastKnownFileType = sourcecode.swift; path = LandingPageView.swift; sourceTree = "<group>"; };
		4D4E02C92AF068B800A0BADE /* Landing.swift */ = {isa = PBXFileReference; lastKnownFileType = sourcecode.swift; path = Landing.swift; sourceTree = "<group>"; };
		4D9EAD6A2AE1B22100F4AC44 /* Sleeppot.app */ = {isa = PBXFileReference; explicitFileType = wrapper.application; includeInIndex = 0; path = Sleeppot.app; sourceTree = BUILT_PRODUCTS_DIR; };
		4D9EAD6D2AE1B22100F4AC44 /* SleeppotApp.swift */ = {isa = PBXFileReference; lastKnownFileType = sourcecode.swift; path = SleeppotApp.swift; sourceTree = "<group>"; };
		4D9EAD712AE1B22200F4AC44 /* Assets.xcassets */ = {isa = PBXFileReference; lastKnownFileType = folder.assetcatalog; path = Assets.xcassets; sourceTree = "<group>"; };
		4D9EAD742AE1B22200F4AC44 /* Preview Assets.xcassets */ = {isa = PBXFileReference; lastKnownFileType = folder.assetcatalog; path = "Preview Assets.xcassets"; sourceTree = "<group>"; };
/* End PBXFileReference section */

/* Begin PBXFrameworksBuildPhase section */
		4D9EAD672AE1B22100F4AC44 /* Frameworks */ = {
			isa = PBXFrameworksBuildPhase;
			buildActionMask = 2147483647;
			files = (
			);
			runOnlyForDeploymentPostprocessing = 0;
		};
/* End PBXFrameworksBuildPhase section */

/* Begin PBXGroup section */
		4D3962512AE7F2670024F9D8 /* New Stuff */ = {
			isa = PBXGroup;
			children = (
				09CB8A502AFD2F1300BE9132 /* MLmodel.mlmodel */,
				09CB8A512AFD2F1300BE9132 /* SentimentAnalyzer .mlmodel */,
				4D3962522AE7F2940024F9D8 /* IdleView.swift */,
				4D4E02C72AF0686F00A0BADE /* LandingPageView.swift */,
				4D4E02C92AF068B800A0BADE /* Landing.swift */,
				4D3962562AE7F8930024F9D8 /* MainView.swift */,
				4D1679482AE9238800D20E69 /* UserInput.swift */,
				09B3991A2AF1338400DA719C /* OnBoarding.swift */,
				09B399162AF0828A00DA719C /* RespView.swift */,
				4D1679402AE9156800D20E69 /* GRespView.swift */,
				4D1679442AE917E900D20E69 /* PottyOutputView.swift */,
				4D1679462AE9185A00D20E69 /* ScenePresentedViewModel.swift */,
				4D4E02C32AF0422100A0BADE /* ViewModel.swift */,
				4D16793E2AE910FE00D20E69 /* ChatView.swift */,
				4D3962582AE83FC40024F9D8 /* PottyIdleTextView.swift */,
				4D4E02C52AF0431000A0BADE /* CloudView.swift */,
			);
			path = "New Stuff";
			sourceTree = "<group>";
		};
		4D9EAD612AE1B22100F4AC44 = {
			isa = PBXGroup;
			children = (
				4D9EAD6C2AE1B22100F4AC44 /* Sleeppot */,
				4D9EAD6B2AE1B22100F4AC44 /* Products */,
			);
			sourceTree = "<group>";
		};
		4D9EAD6B2AE1B22100F4AC44 /* Products */ = {
			isa = PBXGroup;
			children = (
				4D9EAD6A2AE1B22100F4AC44 /* Sleeppot.app */,
			);
			name = Products;
			sourceTree = "<group>";
		};
		4D9EAD6C2AE1B22100F4AC44 /* Sleeppot */ = {
			isa = PBXGroup;
			children = (
				4D9EAD6D2AE1B22100F4AC44 /* SleeppotApp.swift */,
				4D3962512AE7F2670024F9D8 /* New Stuff */,
				4D9EAD712AE1B22200F4AC44 /* Assets.xcassets */,
				4D9EAD732AE1B22200F4AC44 /* Preview Content */,
			);
			path = Sleeppot;
			sourceTree = "<group>";
		};
		4D9EAD732AE1B22200F4AC44 /* Preview Content */ = {
			isa = PBXGroup;
			children = (
				4D9EAD742AE1B22200F4AC44 /* Preview Assets.xcassets */,
			);
			path = "Preview Content";
			sourceTree = "<group>";
		};
/* End PBXGroup section */

/* Begin PBXNativeTarget section */
		4D9EAD692AE1B22100F4AC44 /* Sleeppot */ = {
			isa = PBXNativeTarget;
			buildConfigurationList = 4D9EAD782AE1B22200F4AC44 /* Build configuration list for PBXNativeTarget "Sleeppot" */;
			buildPhases = (
				4D9EAD662AE1B22100F4AC44 /* Sources */,
				4D9EAD672AE1B22100F4AC44 /* Frameworks */,
				4D9EAD682AE1B22100F4AC44 /* Resources */,
			);
			buildRules = (
			);
			dependencies = (
			);
			name = Sleeppot;
			productName = Sleeppot;
			productReference = 4D9EAD6A2AE1B22100F4AC44 /* Sleeppot.app */;
			productType = "com.apple.product-type.application";
		};
/* End PBXNativeTarget section */

/* Begin PBXProject section */
		4D9EAD622AE1B22100F4AC44 /* Project object */ = {
			isa = PBXProject;
			attributes = {
				BuildIndependentTargetsInParallel = 1;
				LastSwiftUpdateCheck = 1500;
				LastUpgradeCheck = 1500;
				TargetAttributes = {
					4D9EAD692AE1B22100F4AC44 = {
						CreatedOnToolsVersion = 15.0;
					};
				};
			};
			buildConfigurationList = 4D9EAD652AE1B22100F4AC44 /* Build configuration list for PBXProject "Sleeppot" */;
			compatibilityVersion = "Xcode 14.0";
			developmentRegion = en;
			hasScannedForEncodings = 0;
			knownRegions = (
				en,
				Base,
			);
			mainGroup = 4D9EAD612AE1B22100F4AC44;
			productRefGroup = 4D9EAD6B2AE1B22100F4AC44 /* Products */;
			projectDirPath = "";
			projectRoot = "";
			targets = (
				4D9EAD692AE1B22100F4AC44 /* Sleeppot */,
			);
		};
/* End PBXProject section */

/* Begin PBXResourcesBuildPhase section */
		4D9EAD682AE1B22100F4AC44 /* Resources */ = {
			isa = PBXResourcesBuildPhase;
			buildActionMask = 2147483647;
			files = (
				4D9EAD752AE1B22200F4AC44 /* Preview Assets.xcassets in Resources */,
				4D9EAD722AE1B22200F4AC44 /* Assets.xcassets in Resources */,
			);
			runOnlyForDeploymentPostprocessing = 0;
		};
/* End PBXResourcesBuildPhase section */

/* Begin PBXSourcesBuildPhase section */
		4D9EAD662AE1B22100F4AC44 /* Sources */ = {
			isa = PBXSourcesBuildPhase;
			buildActionMask = 2147483647;
			files = (
				4D3962592AE83FC40024F9D8 /* PottyIdleTextView.swift in Sources */,
				4D1679492AE9238800D20E69 /* UserInput.swift in Sources */,
				09CB8A532AFD2F1300BE9132 /* SentimentAnalyzer .mlmodel in Sources */,
				4D4E02C62AF0431000A0BADE /* CloudView.swift in Sources */,
				4D1679412AE9156800D20E69 /* GRespView.swift in Sources */,
				4D3962572AE7F8930024F9D8 /* MainView.swift in Sources */,
				4D4E02CA2AF068B800A0BADE /* Landing.swift in Sources */,
				4D1679472AE9185A00D20E69 /* ScenePresentedViewModel.swift in Sources */,
				4D16793F2AE910FE00D20E69 /* ChatView.swift in Sources */,
				4D4E02C42AF0422100A0BADE /* ViewModel.swift in Sources */,
				4D3962532AE7F2940024F9D8 /* IdleView.swift in Sources */,
				09B3991B2AF1338400DA719C /* OnBoarding.swift in Sources */,
				09CB8A522AFD2F1300BE9132 /* MLmodel.mlmodel in Sources */,
				4D4E02C82AF0686F00A0BADE /* LandingPageView.swift in Sources */,
				4D1679452AE917E900D20E69 /* PottyOutputView.swift in Sources */,
				09B399172AF0828A00DA719C /* RespView.swift in Sources */,
				4D9EAD6E2AE1B22100F4AC44 /* SleeppotApp.swift in Sources */,
			);
			runOnlyForDeploymentPostprocessing = 0;
		};
/* End PBXSourcesBuildPhase section */

/* Begin XCBuildConfiguration section */
		4D9EAD762AE1B22200F4AC44 /* Debug */ = {
			isa = XCBuildConfiguration;
			buildSettings = {
				ALWAYS_SEARCH_USER_PATHS = NO;
				ASSETCATALOG_COMPILER_GENERATE_SWIFT_ASSET_SYMBOL_EXTENSIONS = YES;
				CLANG_ANALYZER_NONNULL = YES;
				CLANG_ANALYZER_NUMBER_OBJECT_CONVERSION = YES_AGGRESSIVE;
				CLANG_CXX_LANGUAGE_STANDARD = "gnu++20";
				CLANG_ENABLE_MODULES = YES;
				CLANG_ENABLE_OBJC_ARC = YES;
				CLANG_ENABLE_OBJC_WEAK = YES;
				CLANG_WARN_BLOCK_CAPTURE_AUTORELEASING = YES;
				CLANG_WARN_BOOL_CONVERSION = YES;
				CLANG_WARN_COMMA = YES;
				CLANG_WARN_CONSTANT_CONVERSION = YES;
				CLANG_WARN_DEPRECATED_OBJC_IMPLEMENTATIONS = YES;
				CLANG_WARN_DIRECT_OBJC_ISA_USAGE = YES_ERROR;
				CLANG_WARN_DOCUMENTATION_COMMENTS = YES;
				CLANG_WARN_EMPTY_BODY = YES;
				CLANG_WARN_ENUM_CONVERSION = YES;
				CLANG_WARN_INFINITE_RECURSION = YES;
				CLANG_WARN_INT_CONVERSION = YES;
				CLANG_WARN_NON_LITERAL_NULL_CONVERSION = YES;
				CLANG_WARN_OBJC_IMPLICIT_RETAIN_SELF = YES;
				CLANG_WARN_OBJC_LITERAL_CONVERSION = YES;
				CLANG_WARN_OBJC_ROOT_CLASS = YES_ERROR;
				CLANG_WARN_QUOTED_INCLUDE_IN_FRAMEWORK_HEADER = YES;
				CLANG_WARN_RANGE_LOOP_ANALYSIS = YES;
				CLANG_WARN_STRICT_PROTOTYPES = YES;
				CLANG_WARN_SUSPICIOUS_MOVE = YES;
				CLANG_WARN_UNGUARDED_AVAILABILITY = YES_AGGRESSIVE;
				CLANG_WARN_UNREACHABLE_CODE = YES;
				CLANG_WARN__DUPLICATE_METHOD_MATCH = YES;
				COPY_PHASE_STRIP = NO;
				DEBUG_INFORMATION_FORMAT = dwarf;
				ENABLE_STRICT_OBJC_MSGSEND = YES;
				ENABLE_TESTABILITY = YES;
				ENABLE_USER_SCRIPT_SANDBOXING = YES;
				GCC_C_LANGUAGE_STANDARD = gnu17;
				GCC_DYNAMIC_NO_PIC = NO;
				GCC_NO_COMMON_BLOCKS = YES;
				GCC_OPTIMIZATION_LEVEL = 0;
				GCC_PREPROCESSOR_DEFINITIONS = (
					"DEBUG=1",
					"$(inherited)",
				);
				GCC_WARN_64_TO_32_BIT_CONVERSION = YES;
				GCC_WARN_ABOUT_RETURN_TYPE = YES_ERROR;
				GCC_WARN_UNDECLARED_SELECTOR = YES;
				GCC_WARN_UNINITIALIZED_AUTOS = YES_AGGRESSIVE;
				GCC_WARN_UNUSED_FUNCTION = YES;
				GCC_WARN_UNUSED_VARIABLE = YES;
				IPHONEOS_DEPLOYMENT_TARGET = 17.0;
				LOCALIZATION_PREFERS_STRING_CATALOGS = YES;
				MTL_ENABLE_DEBUG_INFO = INCLUDE_SOURCE;
				MTL_FAST_MATH = YES;
				ONLY_ACTIVE_ARCH = YES;
				SDKROOT = iphoneos;
				SWIFT_ACTIVE_COMPILATION_CONDITIONS = "DEBUG $(inherited)";
				SWIFT_OPTIMIZATION_LEVEL = "-Onone";
			};
			name = Debug;
		};
		4D9EAD772AE1B22200F4AC44 /* Release */ = {
			isa = XCBuildConfiguration;
			buildSettings = {
				ALWAYS_SEARCH_USER_PATHS = NO;
				ASSETCATALOG_COMPILER_GENERATE_SWIFT_ASSET_SYMBOL_EXTENSIONS = YES;
				CLANG_ANALYZER_NONNULL = YES;
				CLANG_ANALYZER_NUMBER_OBJECT_CONVERSION = YES_AGGRESSIVE;
				CLANG_CXX_LANGUAGE_STANDARD = "gnu++20";
				CLANG_ENABLE_MODULES = YES;
				CLANG_ENABLE_OBJC_ARC = YES;
				CLANG_ENABLE_OBJC_WEAK = YES;
				CLANG_WARN_BLOCK_CAPTURE_AUTORELEASING = YES;
				CLANG_WARN_BOOL_CONVERSION = YES;
				CLANG_WARN_COMMA = YES;
				CLANG_WARN_CONSTANT_CONVERSION = YES;
				CLANG_WARN_DEPRECATED_OBJC_IMPLEMENTATIONS = YES;
				CLANG_WARN_DIRECT_OBJC_ISA_USAGE = YES_ERROR;
				CLANG_WARN_DOCUMENTATION_COMMENTS = YES;
				CLANG_WARN_EMPTY_BODY = YES;
				CLANG_WARN_ENUM_CONVERSION = YES;
				CLANG_WARN_INFINITE_RECURSION = YES;
				CLANG_WARN_INT_CONVERSION = YES;
				CLANG_WARN_NON_LITERAL_NULL_CONVERSION = YES;
				CLANG_WARN_OBJC_IMPLICIT_RETAIN_SELF = YES;
				CLANG_WARN_OBJC_LITERAL_CONVERSION = YES;
				CLANG_WARN_OBJC_ROOT_CLASS = YES_ERROR;
				CLANG_WARN_QUOTED_INCLUDE_IN_FRAMEWORK_HEADER = YES;
				CLANG_WARN_RANGE_LOOP_ANALYSIS = YES;
				CLANG_WARN_STRICT_PROTOTYPES = YES;
				CLANG_WARN_SUSPICIOUS_MOVE = YES;
				CLANG_WARN_UNGUARDED_AVAILABILITY = YES_AGGRESSIVE;
				CLANG_WARN_UNREACHABLE_CODE = YES;
				CLANG_WARN__DUPLICATE_METHOD_MATCH = YES;
				COPY_PHASE_STRIP = NO;
				DEBUG_INFORMATION_FORMAT = "dwarf-with-dsym";
				ENABLE_NS_ASSERTIONS = NO;
				ENABLE_STRICT_OBJC_MSGSEND = YES;
				ENABLE_USER_SCRIPT_SANDBOXING = YES;
				GCC_C_LANGUAGE_STANDARD = gnu17;
				GCC_NO_COMMON_BLOCKS = YES;
				GCC_WARN_64_TO_32_BIT_CONVERSION = YES;
				GCC_WARN_ABOUT_RETURN_TYPE = YES_ERROR;
				GCC_WARN_UNDECLARED_SELECTOR = YES;
				GCC_WARN_UNINITIALIZED_AUTOS = YES_AGGRESSIVE;
				GCC_WARN_UNUSED_FUNCTION = YES;
				GCC_WARN_UNUSED_VARIABLE = YES;
				IPHONEOS_DEPLOYMENT_TARGET = 17.0;
				LOCALIZATION_PREFERS_STRING_CATALOGS = YES;
				MTL_ENABLE_DEBUG_INFO = NO;
				MTL_FAST_MATH = YES;
				SDKROOT = iphoneos;
				SWIFT_COMPILATION_MODE = wholemodule;
				VALIDATE_PRODUCT = YES;
			};
			name = Release;
		};
		4D9EAD792AE1B22200F4AC44 /* Debug */ = {
			isa = XCBuildConfiguration;
			buildSettings = {
				ASSETCATALOG_COMPILER_APPICON_NAME = AppIcon;
				ASSETCATALOG_COMPILER_GLOBAL_ACCENT_COLOR_NAME = AccentColor;
				CODE_SIGN_STYLE = Automatic;
				CURRENT_PROJECT_VERSION = 1;
				DEVELOPMENT_ASSET_PATHS = "\"Sleeppot/Preview Content\"";
				DEVELOPMENT_TEAM = UPT325BVP4;
				ENABLE_PREVIEWS = YES;
				GENERATE_INFOPLIST_FILE = YES;
				INFOPLIST_KEY_UIApplicationSceneManifest_Generation = YES;
				INFOPLIST_KEY_UIApplicationSupportsIndirectInputEvents = YES;
				INFOPLIST_KEY_UILaunchScreen_Generation = YES;
				INFOPLIST_KEY_UISupportedInterfaceOrientations = UIInterfaceOrientationPortrait;
				INFOPLIST_KEY_UISupportedInterfaceOrientations_iPad = "UIInterfaceOrientationLandscapeLeft UIInterfaceOrientationLandscapeRight UIInterfaceOrientationPortrait UIInterfaceOrientationPortraitUpsideDown";
				LD_RUNPATH_SEARCH_PATHS = (
					"$(inherited)",
					"@executable_path/Frameworks",
				);
				MARKETING_VERSION = 1.0;
				PRODUCT_BUNDLE_IDENTIFIER = com.lihuahu.Sleeppot;
				PRODUCT_NAME = "$(TARGET_NAME)";
				SWIFT_EMIT_LOC_STRINGS = YES;
				SWIFT_VERSION = 5.0;
				TARGETED_DEVICE_FAMILY = "1,2";
			};
			name = Debug;
		};
		4D9EAD7A2AE1B22200F4AC44 /* Release */ = {
			isa = XCBuildConfiguration;
			buildSettings = {
				ASSETCATALOG_COMPILER_APPICON_NAME = AppIcon;
				ASSETCATALOG_COMPILER_GLOBAL_ACCENT_COLOR_NAME = AccentColor;
				CODE_SIGN_STYLE = Automatic;
				CURRENT_PROJECT_VERSION = 1;
				DEVELOPMENT_ASSET_PATHS = "\"Sleeppot/Preview Content\"";
				DEVELOPMENT_TEAM = UPT325BVP4;
				ENABLE_PREVIEWS = YES;
				GENERATE_INFOPLIST_FILE = YES;
				INFOPLIST_KEY_UIApplicationSceneManifest_Generation = YES;
				INFOPLIST_KEY_UIApplicationSupportsIndirectInputEvents = YES;
				INFOPLIST_KEY_UILaunchScreen_Generation = YES;
				INFOPLIST_KEY_UISupportedInterfaceOrientations = UIInterfaceOrientationPortrait;
				INFOPLIST_KEY_UISupportedInterfaceOrientations_iPad = "UIInterfaceOrientationLandscapeLeft UIInterfaceOrientationLandscapeRight UIInterfaceOrientationPortrait UIInterfaceOrientationPortraitUpsideDown";
				LD_RUNPATH_SEARCH_PATHS = (
					"$(inherited)",
					"@executable_path/Frameworks",
				);
				MARKETING_VERSION = 1.0;
				PRODUCT_BUNDLE_IDENTIFIER = com.lihuahu.Sleeppot;
				PRODUCT_NAME = "$(TARGET_NAME)";
				SWIFT_EMIT_LOC_STRINGS = YES;
				SWIFT_VERSION = 5.0;
				TARGETED_DEVICE_FAMILY = "1,2";
			};
			name = Release;
		};
/* End XCBuildConfiguration section */

/* Begin XCConfigurationList section */
		4D9EAD652AE1B22100F4AC44 /* Build configuration list for PBXProject "Sleeppot" */ = {
			isa = XCConfigurationList;
			buildConfigurations = (
				4D9EAD762AE1B22200F4AC44 /* Debug */,
				4D9EAD772AE1B22200F4AC44 /* Release */,
			);
			defaultConfigurationIsVisible = 0;
			defaultConfigurationName = Release;
		};
		4D9EAD782AE1B22200F4AC44 /* Build configuration list for PBXNativeTarget "Sleeppot" */ = {
			isa = XCConfigurationList;
			buildConfigurations = (
				4D9EAD792AE1B22200F4AC44 /* Debug */,
				4D9EAD7A2AE1B22200F4AC44 /* Release */,
			);
			defaultConfigurationIsVisible = 0;
			defaultConfigurationName = Release;
		};
/* End XCConfigurationList section */
	};
	rootObject = 4D9EAD622AE1B22100F4AC44 /* Project object */;
}
